{
  "name": "public",
  "version": "1.0.0",
  "lockfileVersion": 1,
  "requires": true,
  "dependencies": {
    "@polymer/font-roboto": {
      "version": "3.0.0-pre.12",
      "resolved": "https://registry.npmjs.org/@polymer/font-roboto/-/font-roboto-3.0.0-pre.12.tgz",
      "integrity": "sha512-D4inM9qe6YgtWLcB3yd7K4yuUjXfc1HqkoTUaLoatMYNFhVfZu60bOvvDEa0jdPFXEq1QmqKjzEJZ6qaX6vHqA=="
    },
    "@polymer/iron-a11y-announcer": {
      "version": "3.0.0-pre.12",
      "resolved": "https://registry.npmjs.org/@polymer/iron-a11y-announcer/-/iron-a11y-announcer-3.0.0-pre.12.tgz",
      "integrity": "sha512-s/ZU02aYqkvNhZ8vCN2GJvk6KZYYLB38pFaoP3y005FddOiLb+TlXUDGpGhfO6iDo9D8zO5jn+o92jJtJ9Gg6g==",
      "requires": {
        "@polymer/polymer": "3.0.0-pre.12"
      },
      "dependencies": {
        "@polymer/polymer": {
          "version": "3.0.0-pre.12",
          "resolved": "https://registry.npmjs.org/@polymer/polymer/-/polymer-3.0.0-pre.12.tgz",
          "integrity": "sha512-j3ie9DOtENLMR5pG8iyyrFF62lTnKrQCrMVlvgQF2q4qpUXFck0QUlE6gJJN/Zfi3br69mG5+F3mtwQb61OjOQ==",
          "requires": {
            "@webcomponents/shadycss": "1.1.2",
            "@webcomponents/webcomponentsjs": "1.1.1"
          }
        }
      }
    },
    "@polymer/iron-a11y-keys-behavior": {
      "version": "3.0.0-pre.12",
      "resolved": "https://registry.npmjs.org/@polymer/iron-a11y-keys-behavior/-/iron-a11y-keys-behavior-3.0.0-pre.12.tgz",
      "integrity": "sha512-QLnvWTDYlObHeWvflWFDlSaEljZopYT8/D3XCaWtN6cSgsdnHe6uoV+W95YgAP+w9KM13vZZEpa4zJjmlAYrFA==",
      "requires": {
        "@polymer/polymer": "3.0.0-pre.12"
      },
      "dependencies": {
        "@polymer/polymer": {
          "version": "3.0.0-pre.12",
          "resolved": "https://registry.npmjs.org/@polymer/polymer/-/polymer-3.0.0-pre.12.tgz",
          "integrity": "sha512-j3ie9DOtENLMR5pG8iyyrFF62lTnKrQCrMVlvgQF2q4qpUXFck0QUlE6gJJN/Zfi3br69mG5+F3mtwQb61OjOQ==",
          "requires": {
            "@webcomponents/shadycss": "1.1.2",
            "@webcomponents/webcomponentsjs": "1.1.1"
          }
        }
      }
    },
    "@polymer/iron-autogrow-textarea": {
      "version": "3.0.0-pre.12",
      "resolved": "https://registry.npmjs.org/@polymer/iron-autogrow-textarea/-/iron-autogrow-textarea-3.0.0-pre.12.tgz",
      "integrity": "sha512-zEbbXsPLfn8VLdMgN/7VJqKMzCHhAcisx49Ek/etU4bEYc8w5R+zwn38hShVAkRQfpIfYNPmiK1ThHI9jFwZ9Q==",
      "requires": {
        "@polymer/iron-behaviors": "3.0.0-pre.12",
        "@polymer/iron-flex-layout": "3.0.0-pre.12",
        "@polymer/iron-validatable-behavior": "3.0.0-pre.12",
        "@polymer/polymer": "3.0.0-pre.12"
      },
      "dependencies": {
        "@polymer/polymer": {
          "version": "3.0.0-pre.12",
          "resolved": "https://registry.npmjs.org/@polymer/polymer/-/polymer-3.0.0-pre.12.tgz",
          "integrity": "sha512-j3ie9DOtENLMR5pG8iyyrFF62lTnKrQCrMVlvgQF2q4qpUXFck0QUlE6gJJN/Zfi3br69mG5+F3mtwQb61OjOQ==",
          "requires": {
            "@webcomponents/shadycss": "1.1.2",
            "@webcomponents/webcomponentsjs": "1.1.1"
          }
        }
      }
    },
    "@polymer/iron-behaviors": {
      "version": "3.0.0-pre.12",
      "resolved": "https://registry.npmjs.org/@polymer/iron-behaviors/-/iron-behaviors-3.0.0-pre.12.tgz",
      "integrity": "sha512-ros9dbO52jmV+henJxEXvoOx1tzX6i70aIOTgI92ebInPmyvtx5WeX1QXzUUMnUi4hKYLFZWqubgVQ4Hyu+pGw==",
      "requires": {
        "@polymer/iron-a11y-keys-behavior": "3.0.0-pre.12",
        "@polymer/polymer": "3.0.0-pre.12"
      },
      "dependencies": {
        "@polymer/polymer": {
          "version": "3.0.0-pre.12",
          "resolved": "https://registry.npmjs.org/@polymer/polymer/-/polymer-3.0.0-pre.12.tgz",
          "integrity": "sha512-j3ie9DOtENLMR5pG8iyyrFF62lTnKrQCrMVlvgQF2q4qpUXFck0QUlE6gJJN/Zfi3br69mG5+F3mtwQb61OjOQ==",
          "requires": {
            "@webcomponents/shadycss": "1.1.2",
            "@webcomponents/webcomponentsjs": "1.1.1"
          }
        }
      }
    },
    "@polymer/iron-checked-element-behavior": {
      "version": "3.0.0-pre.12",
      "resolved": "https://registry.npmjs.org/@polymer/iron-checked-element-behavior/-/iron-checked-element-behavior-3.0.0-pre.12.tgz",
      "integrity": "sha512-pCzvDOxEBybdMbtKIaAxcE/jBU+BISsVc552i9EOMqtBBPap5CFgtg1s9IC4jhEN+1Hw8xY3rQcHu1b7BFV9ow==",
      "requires": {
        "@polymer/iron-form-element-behavior": "3.0.0-pre.12",
        "@polymer/iron-validatable-behavior": "3.0.0-pre.12",
        "@polymer/polymer": "3.0.0-pre.12"
      },
      "dependencies": {
        "@polymer/polymer": {
          "version": "3.0.0-pre.12",
          "resolved": "https://registry.npmjs.org/@polymer/polymer/-/polymer-3.0.0-pre.12.tgz",
          "integrity": "sha512-j3ie9DOtENLMR5pG8iyyrFF62lTnKrQCrMVlvgQF2q4qpUXFck0QUlE6gJJN/Zfi3br69mG5+F3mtwQb61OjOQ==",
          "requires": {
            "@webcomponents/shadycss": "1.1.2",
            "@webcomponents/webcomponentsjs": "1.1.1"
          }
        }
      }
    },
    "@polymer/iron-flex-layout": {
      "version": "3.0.0-pre.12",
      "resolved": "https://registry.npmjs.org/@polymer/iron-flex-layout/-/iron-flex-layout-3.0.0-pre.12.tgz",
      "integrity": "sha512-JvctZ1K5TeRsoGMxVB1yBZYEWONQvyCdcmaoCB6gOJ9R5eq5ebAg2JPNSITAp9CTL2i08Af4tQER3AXzaKyi3A==",
      "requires": {
        "@polymer/polymer": "3.0.0-pre.12"
      },
      "dependencies": {
        "@polymer/polymer": {
          "version": "3.0.0-pre.12",
          "resolved": "https://registry.npmjs.org/@polymer/polymer/-/polymer-3.0.0-pre.12.tgz",
          "integrity": "sha512-j3ie9DOtENLMR5pG8iyyrFF62lTnKrQCrMVlvgQF2q4qpUXFck0QUlE6gJJN/Zfi3br69mG5+F3mtwQb61OjOQ==",
          "requires": {
            "@webcomponents/shadycss": "1.1.2",
            "@webcomponents/webcomponentsjs": "1.1.1"
          }
        }
      }
    },
    "@polymer/iron-form-element-behavior": {
      "version": "3.0.0-pre.12",
      "resolved": "https://registry.npmjs.org/@polymer/iron-form-element-behavior/-/iron-form-element-behavior-3.0.0-pre.12.tgz",
      "integrity": "sha512-i3gAVSq4TbQyGqhHo7HLbzkZ3E1+ua1+U3vUSdVTs3R+qgAXqlIgUDuEintB42X49IvumEy/qWxxxvqL9oZhYw==",
      "requires": {
        "@polymer/polymer": "3.0.0-pre.12"
      },
      "dependencies": {
        "@polymer/polymer": {
          "version": "3.0.0-pre.12",
          "resolved": "https://registry.npmjs.org/@polymer/polymer/-/polymer-3.0.0-pre.12.tgz",
          "integrity": "sha512-j3ie9DOtENLMR5pG8iyyrFF62lTnKrQCrMVlvgQF2q4qpUXFck0QUlE6gJJN/Zfi3br69mG5+F3mtwQb61OjOQ==",
          "requires": {
            "@webcomponents/shadycss": "1.1.2",
            "@webcomponents/webcomponentsjs": "1.1.1"
          }
        }
      }
    },
    "@polymer/iron-icon": {
      "version": "3.0.0-pre.12",
      "resolved": "https://registry.npmjs.org/@polymer/iron-icon/-/iron-icon-3.0.0-pre.12.tgz",
      "integrity": "sha512-S5I324FBMh8/MPBDVtfHS8FVKszhqhhdDjB0QsJ9dBooB5aZKwGyHMXgHW9dcnu+PjM7nP5532u4tpFdBw9TWg==",
      "requires": {
        "@polymer/iron-flex-layout": "3.0.0-pre.12",
        "@polymer/iron-meta": "3.0.0-pre.12",
        "@polymer/polymer": "3.0.0-pre.12"
      },
      "dependencies": {
        "@polymer/polymer": {
          "version": "3.0.0-pre.12",
          "resolved": "https://registry.npmjs.org/@polymer/polymer/-/polymer-3.0.0-pre.12.tgz",
          "integrity": "sha512-j3ie9DOtENLMR5pG8iyyrFF62lTnKrQCrMVlvgQF2q4qpUXFck0QUlE6gJJN/Zfi3br69mG5+F3mtwQb61OjOQ==",
          "requires": {
            "@webcomponents/shadycss": "1.1.2",
            "@webcomponents/webcomponentsjs": "1.1.1"
          }
        }
      }
    },
    "@polymer/iron-input": {
      "version": "3.0.0-pre.12",
      "resolved": "https://registry.npmjs.org/@polymer/iron-input/-/iron-input-3.0.0-pre.12.tgz",
      "integrity": "sha512-UkgUaB4225yQ0L+IYfHrf9DkpRDW5rfs8fI8t4XKmIHzWNLT7ZlpXXX0RewUYdkaUgLTcySG9VCUVRRAt88G0A==",
      "requires": {
        "@polymer/iron-a11y-announcer": "3.0.0-pre.12",
        "@polymer/iron-validatable-behavior": "3.0.0-pre.12",
        "@polymer/polymer": "3.0.0-pre.12"
      },
      "dependencies": {
        "@polymer/polymer": {
          "version": "3.0.0-pre.12",
          "resolved": "https://registry.npmjs.org/@polymer/polymer/-/polymer-3.0.0-pre.12.tgz",
          "integrity": "sha512-j3ie9DOtENLMR5pG8iyyrFF62lTnKrQCrMVlvgQF2q4qpUXFck0QUlE6gJJN/Zfi3br69mG5+F3mtwQb61OjOQ==",
          "requires": {
            "@webcomponents/shadycss": "1.1.2",
            "@webcomponents/webcomponentsjs": "1.1.1"
          }
        }
      }
    },
    "@polymer/iron-media-query": {
      "version": "3.0.0-pre.11",
      "resolved": "https://registry.npmjs.org/@polymer/iron-media-query/-/iron-media-query-3.0.0-pre.11.tgz",
      "integrity": "sha512-OIGLFlYTV1r4pIQ5Blb0sJS8s85U7iU8tGmtW2E7g8Bd4/MJhuXPLxkMTPeSNVaBizw8HEWihNfQ+tRvrlbZQQ==",
      "requires": {
        "@polymer/polymer": "3.0.0-pre.11"
      }
    },
    "@polymer/iron-meta": {
      "version": "3.0.0-pre.12",
      "resolved": "https://registry.npmjs.org/@polymer/iron-meta/-/iron-meta-3.0.0-pre.12.tgz",
      "integrity": "sha512-Yi+Xiu0OlxTiAxWx+X9DuI35dTRm2/lHQqWplubZSGHW+ANuItOTxOLlTm175kq5HY7V8JQtiugko0xaJ60V4A==",
      "requires": {
        "@polymer/polymer": "3.0.0-pre.12"
      },
      "dependencies": {
        "@polymer/polymer": {
          "version": "3.0.0-pre.12",
          "resolved": "https://registry.npmjs.org/@polymer/polymer/-/polymer-3.0.0-pre.12.tgz",
          "integrity": "sha512-j3ie9DOtENLMR5pG8iyyrFF62lTnKrQCrMVlvgQF2q4qpUXFck0QUlE6gJJN/Zfi3br69mG5+F3mtwQb61OjOQ==",
          "requires": {
            "@webcomponents/shadycss": "1.1.2",
            "@webcomponents/webcomponentsjs": "1.1.1"
          }
        }
      }
    },
    "@polymer/iron-pages": {
      "version": "3.0.0-pre.11",
      "resolved": "https://registry.npmjs.org/@polymer/iron-pages/-/iron-pages-3.0.0-pre.11.tgz",
      "integrity": "sha512-48HmbzBQadueFW6KsO5GLxvydqJ1KZanKb98WEUrXakSBhYug68DG4VgryENLvHdfO5ulQlWPJc47H2fyu9VsA==",
      "requires": {
        "@polymer/iron-resizable-behavior": "3.0.0-pre.12",
        "@polymer/iron-selector": "3.0.0-pre.12",
        "@polymer/polymer": "3.0.0-pre.11"
      }
    },
    "@polymer/iron-resizable-behavior": {
      "version": "3.0.0-pre.12",
      "resolved": "https://registry.npmjs.org/@polymer/iron-resizable-behavior/-/iron-resizable-behavior-3.0.0-pre.12.tgz",
      "integrity": "sha512-ppZGXh//MVkWedjQtgOzBHiuoyTcKggnnMjVHxFsGdIu5kz9LVqB8uqYbN91yhjtLLUAkSIAo1DLhXpoK2x27w==",
      "requires": {
        "@polymer/polymer": "3.0.0-pre.12"
      },
      "dependencies": {
        "@polymer/polymer": {
          "version": "3.0.0-pre.12",
          "resolved": "https://registry.npmjs.org/@polymer/polymer/-/polymer-3.0.0-pre.12.tgz",
          "integrity": "sha512-j3ie9DOtENLMR5pG8iyyrFF62lTnKrQCrMVlvgQF2q4qpUXFck0QUlE6gJJN/Zfi3br69mG5+F3mtwQb61OjOQ==",
          "requires": {
            "@webcomponents/shadycss": "1.1.2",
            "@webcomponents/webcomponentsjs": "1.1.1"
          }
        }
      }
    },
    "@polymer/iron-selector": {
      "version": "3.0.0-pre.12",
      "resolved": "https://registry.npmjs.org/@polymer/iron-selector/-/iron-selector-3.0.0-pre.12.tgz",
      "integrity": "sha512-3kHXr1gzawyuqIkASk6K7nTF4VdAubd8p3c6D/Ae7fcPhhjE2dEENyrvqezWSCLLOp17qSseOl0XRo/9R09DgA==",
      "requires": {
        "@polymer/polymer": "3.0.0-pre.12"
      },
      "dependencies": {
        "@polymer/polymer": {
          "version": "3.0.0-pre.12",
          "resolved": "https://registry.npmjs.org/@polymer/polymer/-/polymer-3.0.0-pre.12.tgz",
          "integrity": "sha512-j3ie9DOtENLMR5pG8iyyrFF62lTnKrQCrMVlvgQF2q4qpUXFck0QUlE6gJJN/Zfi3br69mG5+F3mtwQb61OjOQ==",
          "requires": {
            "@webcomponents/shadycss": "1.1.2",
            "@webcomponents/webcomponentsjs": "1.1.1"
          }
        }
      }
    },
    "@polymer/iron-validatable-behavior": {
      "version": "3.0.0-pre.12",
      "resolved": "https://registry.npmjs.org/@polymer/iron-validatable-behavior/-/iron-validatable-behavior-3.0.0-pre.12.tgz",
      "integrity": "sha512-80Zblp9n+2nepymuOMJcdmf0F5uxYrbRQdbt2eDStmXjlqcbxgTrdmHY93Pb2n1mwcvjHXU3ex3W4TtVaeX6Rg==",
      "requires": {
        "@polymer/iron-meta": "3.0.0-pre.12",
        "@polymer/polymer": "3.0.0-pre.12"
      },
      "dependencies": {
        "@polymer/polymer": {
          "version": "3.0.0-pre.12",
          "resolved": "https://registry.npmjs.org/@polymer/polymer/-/polymer-3.0.0-pre.12.tgz",
          "integrity": "sha512-j3ie9DOtENLMR5pG8iyyrFF62lTnKrQCrMVlvgQF2q4qpUXFck0QUlE6gJJN/Zfi3br69mG5+F3mtwQb61OjOQ==",
          "requires": {
            "@webcomponents/shadycss": "1.1.2",
            "@webcomponents/webcomponentsjs": "1.1.1"
          }
        }
      }
    },
    "@polymer/paper-behaviors": {
      "version": "3.0.0-pre.12",
      "resolved": "https://registry.npmjs.org/@polymer/paper-behaviors/-/paper-behaviors-3.0.0-pre.12.tgz",
      "integrity": "sha512-S1YRAwg7B+8P/ju4w8Fk1CMU9DMI/Hv5/MceN/10IX5znGnYqXZrOEHfUiYAM+P5RivsOn4UJdG7wyxAnrCzkg==",
      "requires": {
        "@polymer/iron-behaviors": "3.0.0-pre.12",
        "@polymer/iron-checked-element-behavior": "3.0.0-pre.12",
        "@polymer/paper-ripple": "3.0.0-pre.12",
        "@polymer/polymer": "3.0.0-pre.12"
      },
      "dependencies": {
        "@polymer/polymer": {
          "version": "3.0.0-pre.12",
          "resolved": "https://registry.npmjs.org/@polymer/polymer/-/polymer-3.0.0-pre.12.tgz",
          "integrity": "sha512-j3ie9DOtENLMR5pG8iyyrFF62lTnKrQCrMVlvgQF2q4qpUXFck0QUlE6gJJN/Zfi3br69mG5+F3mtwQb61OjOQ==",
          "requires": {
            "@webcomponents/shadycss": "1.1.2",
            "@webcomponents/webcomponentsjs": "1.1.1"
          }
        }
      }
    },
    "@polymer/paper-button": {
      "version": "3.0.0-pre.11",
      "resolved": "https://registry.npmjs.org/@polymer/paper-button/-/paper-button-3.0.0-pre.11.tgz",
      "integrity": "sha512-wPwjZfXdpQnNj6aCkNH5x3pPaf0SJqW7uDkITXgqkFMK9y6xgRJsms0JUnUOCvKs/66im4Lx3az13snNOpDOdg==",
      "requires": {
        "@polymer/iron-flex-layout": "3.0.0-pre.12",
        "@polymer/paper-behaviors": "3.0.0-pre.12",
        "@polymer/paper-styles": "3.0.0-pre.12",
        "@polymer/polymer": "3.0.0-pre.11"
      }
    },
    "@polymer/paper-icon-button": {
      "version": "3.0.0-pre.11",
      "resolved": "https://registry.npmjs.org/@polymer/paper-icon-button/-/paper-icon-button-3.0.0-pre.11.tgz",
      "integrity": "sha512-FQlhKaiJnRmKbKvzn9uslhRWw0bLsYUWavs9tYyUTVGlDx1dJwZqq9XU6ToKuvgb8fKN4dJTMiWMc2H+BaBykA==",
      "requires": {
        "@polymer/iron-icon": "3.0.0-pre.12",
        "@polymer/paper-behaviors": "3.0.0-pre.12",
        "@polymer/paper-styles": "3.0.0-pre.12",
        "@polymer/polymer": "3.0.0-pre.11"
      }
    },
    "@polymer/paper-input": {
      "version": "3.0.0-pre.11",
      "resolved": "https://registry.npmjs.org/@polymer/paper-input/-/paper-input-3.0.0-pre.11.tgz",
      "integrity": "sha512-c/arcOUiW+3TV95URgDo78YwGkuKMNnEJ5hb4ew4/HFIRnG2/vc4igXWyW0T8O/4P3Bof2bRVxp3GTu4aT2Gkw==",
      "requires": {
        "@polymer/iron-a11y-keys-behavior": "3.0.0-pre.12",
        "@polymer/iron-autogrow-textarea": "3.0.0-pre.12",
        "@polymer/iron-behaviors": "3.0.0-pre.12",
        "@polymer/iron-form-element-behavior": "3.0.0-pre.12",
        "@polymer/iron-input": "3.0.0-pre.12",
        "@polymer/paper-styles": "3.0.0-pre.12",
        "@polymer/polymer": "3.0.0-pre.11"
      }
    },
    "@polymer/paper-ripple": {
      "version": "3.0.0-pre.12",
      "resolved": "https://registry.npmjs.org/@polymer/paper-ripple/-/paper-ripple-3.0.0-pre.12.tgz",
      "integrity": "sha512-BNyqzLK7eqy6gzXJOr3PGc/5RcSNBouYXIgwiwmiFHWgTc1C8JJnPwE7EuiCfV6WyDY8byFyD10E4jBKHAUwOg==",
      "requires": {
        "@polymer/iron-a11y-keys-behavior": "3.0.0-pre.12",
        "@polymer/polymer": "3.0.0-pre.12"
      },
      "dependencies": {
        "@polymer/polymer": {
          "version": "3.0.0-pre.12",
          "resolved": "https://registry.npmjs.org/@polymer/polymer/-/polymer-3.0.0-pre.12.tgz",
          "integrity": "sha512-j3ie9DOtENLMR5pG8iyyrFF62lTnKrQCrMVlvgQF2q4qpUXFck0QUlE6gJJN/Zfi3br69mG5+F3mtwQb61OjOQ==",
          "requires": {
            "@webcomponents/shadycss": "1.1.2",
            "@webcomponents/webcomponentsjs": "1.1.1"
          }
        }
      }
    },
    "@polymer/paper-styles": {
      "version": "3.0.0-pre.12",
      "resolved": "https://registry.npmjs.org/@polymer/paper-styles/-/paper-styles-3.0.0-pre.12.tgz",
      "integrity": "sha512-mZEu5Rgel1vz3m1wz2XEgNN7pHx0yXvrmSspkD8JlPooy3ewNY0VyVHV/kcIcfQxaKQ8I8b59unOQPV48OqCLA==",
      "requires": {
        "@polymer/font-roboto": "3.0.0-pre.12",
        "@polymer/iron-flex-layout": "3.0.0-pre.12",
        "@polymer/polymer": "3.0.0-pre.12"
      },
      "dependencies": {
        "@polymer/polymer": {
          "version": "3.0.0-pre.12",
          "resolved": "https://registry.npmjs.org/@polymer/polymer/-/polymer-3.0.0-pre.12.tgz",
          "integrity": "sha512-j3ie9DOtENLMR5pG8iyyrFF62lTnKrQCrMVlvgQF2q4qpUXFck0QUlE6gJJN/Zfi3br69mG5+F3mtwQb61OjOQ==",
          "requires": {
            "@webcomponents/shadycss": "1.1.2",
            "@webcomponents/webcomponentsjs": "1.1.1"
          }
        }
      }
    },
    "@polymer/polymer": {
      "version": "3.0.0-pre.11",
      "resolved": "https://registry.npmjs.org/@polymer/polymer/-/polymer-3.0.0-pre.11.tgz",
      "integrity": "sha512-lz0+3so+URZqH6IUV9nzlR6akO8jPRauM7EEIMqPx3H6w4Zh7wzoj4Ngbi18Nwpt71l90F4YhuHDGNRQEwhk+w==",
      "requires": {
        "@webcomponents/shadycss": "1.1.2",
        "@webcomponents/webcomponentsjs": "1.1.1"
      }
    },
    "@webcomponents/shadycss": {
      "version": "1.1.2",
      "resolved": "https://registry.npmjs.org/@webcomponents/shadycss/-/shadycss-1.1.2.tgz",
      "integrity": "sha512-h6j9vIPGxuuRWNloJE7+al/VYiyujme8HXkp9Cm9ApzSSo0U8d48X4jXxR4S3u1t26Kuqx78fvPlqY8/JWowFg=="
    },
    "@webcomponents/webcomponentsjs": {
      "version": "1.1.1",
      "resolved": "https://registry.npmjs.org/@webcomponents/webcomponentsjs/-/webcomponentsjs-1.1.1.tgz",
      "integrity": "sha512-52hSn2KiOYf/O2LcKnh1xiSt3RfX8beY4tQylSSSBwJsr4oy9MLcnWrtbqur3Q5cRdcmEbwHhkYHFc7Sme7zmw=="
    },
    "lit-html": {
      "version": "0.7.1",
      "resolved": "https://registry.npmjs.org/lit-html/-/lit-html-0.7.1.tgz",
      "integrity": "sha512-8L4kJaaE2sMUtaAOPr75tsgAakNIGUtroHsW4KpMO0LtLpjJXPt0WkS7guY3PB0MhM9mvIOCY/D9KamPB7GnDw=="
    },
    "webcomponents.js": {
      "version": "0.7.24",
      "resolved": "https://registry.npmjs.org/webcomponents.js/-/webcomponents.js-0.7.24.tgz",
      "integrity": "sha1-IRb7+hRo7EFqe+/aozPh0Rj2nAQ="
    }
  }
}
